// !$*UTF8*$!
{
	archiveVersion = 1;
	classes = {
	};
	objectVersion = 56;
	objects = {

/* Begin PBXBuildFile section */
		6AB7F8DA2A7E98210026E5DC /* AppDelegate.swift in Sources */ = {isa = PBXBuildFile; fileRef = 6AB7F8D92A7E98210026E5DC /* AppDelegate.swift */; };
		6AB7F8DC2A7E98210026E5DC /* SceneDelegate.swift in Sources */ = {isa = PBXBuildFile; fileRef = 6AB7F8DB2A7E98210026E5DC /* SceneDelegate.swift */; };
		6AB7F8DE2A7E98210026E5DC /* ViewController.swift in Sources */ = {isa = PBXBuildFile; fileRef = 6AB7F8DD2A7E98210026E5DC /* ViewController.swift */; };
		6AB7F8E12A7E98210026E5DC /* Main.storyboard in Resources */ = {isa = PBXBuildFile; fileRef = 6AB7F8DF2A7E98210026E5DC /* Main.storyboard */; };
		6AB7F8E32A7E98210026E5DC /* Assets.xcassets in Resources */ = {isa = PBXBuildFile; fileRef = 6AB7F8E22A7E98210026E5DC /* Assets.xcassets */; };
		6AB7F8E62A7E98210026E5DC /* LaunchScreen.storyboard in Resources */ = {isa = PBXBuildFile; fileRef = 6AB7F8E42A7E98210026E5DC /* LaunchScreen.storyboard */; };
		6AB7F8F42A7E99C10026E5DC /* Animation.swift in Sources */ = {isa = PBXBuildFile; fileRef = 6AB7F8F32A7E99C10026E5DC /* Animation.swift */; };
		6AB7F8F62A7E9B880026E5DC /* DataStore.swift in Sources */ = {isa = PBXBuildFile; fileRef = 6AB7F8F52A7E9B880026E5DC /* DataStore.swift */; };
		6AB7F8FC2A7E9E8C0026E5DC /* SpringAnimation in Frameworks */ = {isa = PBXBuildFile; productRef = 6AB7F8FB2A7E9E8C0026E5DC /* SpringAnimation */; };
/* End PBXBuildFile section */

/* Begin PBXFileReference section */
		6AB7F8D62A7E98210026E5DC /* Lesson-3.01_Spring Animation.app */ = {isa = PBXFileReference; explicitFileType = wrapper.application; includeInIndex = 0; path = "Lesson-3.01_Spring Animation.app"; sourceTree = BUILT_PRODUCTS_DIR; };
		6AB7F8D92A7E98210026E5DC /* AppDelegate.swift */ = {isa = PBXFileReference; lastKnownFileType = sourcecode.swift; path = AppDelegate.swift; sourceTree = "<group>"; };
		6AB7F8DB2A7E98210026E5DC /* SceneDelegate.swift */ = {isa = PBXFileReference; lastKnownFileType = sourcecode.swift; path = SceneDelegate.swift; sourceTree = "<group>"; };
		6AB7F8DD2A7E98210026E5DC /* ViewController.swift */ = {isa = PBXFileReference; lastKnownFileType = sourcecode.swift; path = ViewController.swift; sourceTree = "<group>"; };
		6AB7F8E02A7E98210026E5DC /* Base */ = {isa = PBXFileReference; lastKnownFileType = file.storyboard; name = Base; path = Base.lproj/Main.storyboard; sourceTree = "<group>"; };
		6AB7F8E22A7E98210026E5DC /* Assets.xcassets */ = {isa = PBXFileReference; lastKnownFileType = folder.assetcatalog; path = Assets.xcassets; sourceTree = "<group>"; };
		6AB7F8E52A7E98210026E5DC /* Base */ = {isa = PBXFileReference; lastKnownFileType = file.storyboard; name = Base; path = Base.lproj/LaunchScreen.storyboard; sourceTree = "<group>"; };
		6AB7F8E72A7E98210026E5DC /* Info.plist */ = {isa = PBXFileReference; lastKnownFileType = text.plist.xml; path = Info.plist; sourceTree = "<group>"; };
		6AB7F8F32A7E99C10026E5DC /* Animation.swift */ = {isa = PBXFileReference; lastKnownFileType = sourcecode.swift; path = Animation.swift; sourceTree = "<group>"; };
		6AB7F8F52A7E9B880026E5DC /* DataStore.swift */ = {isa = PBXFileReference; lastKnownFileType = sourcecode.swift; path = DataStore.swift; sourceTree = "<group>"; };
/* End PBXFileReference section */

/* Begin PBXFrameworksBuildPhase section */
		6AB7F8D32A7E98210026E5DC /* Frameworks */ = {
			isa = PBXFrameworksBuildPhase;
			buildActionMask = 2147483647;
			files = (
				6AB7F8FC2A7E9E8C0026E5DC /* SpringAnimation in Frameworks */,
			);
			runOnlyForDeploymentPostprocessing = 0;
		};
/* End PBXFrameworksBuildPhase section */

/* Begin PBXGroup section */
		6AB7F8CD2A7E98210026E5DC = {
			isa = PBXGroup;
			children = (
				6AB7F8D82A7E98210026E5DC /* Lesson-3.01_Spring Animation */,
				6AB7F8D72A7E98210026E5DC /* Products */,
				6AB7F8FA2A7E9E8C0026E5DC /* Frameworks */,
			);
			sourceTree = "<group>";
		};
		6AB7F8D72A7E98210026E5DC /* Products */ = {
			isa = PBXGroup;
			children = (
				6AB7F8D62A7E98210026E5DC /* Lesson-3.01_Spring Animation.app */,
			);
			name = Products;
			sourceTree = "<group>";
		};
		6AB7F8D82A7E98210026E5DC /* Lesson-3.01_Spring Animation */ = {
			isa = PBXGroup;
			children = (
				6AB7F8EF2A7E98940026E5DC /* Resources */,
				6AB7F8ED2A7E98290026E5DC /* Config */,
				6AB7F8F12A7E98C30026E5DC /* Services */,
				6AB7F8EE2A7E98750026E5DC /* Storyboards */,
				6AB7F8F02A7E98A40026E5DC /* ViewControllers */,
				6AB7F8F22A7E992E0026E5DC /* Models */,
			);
			path = "Lesson-3.01_Spring Animation";
			sourceTree = "<group>";
		};
		6AB7F8ED2A7E98290026E5DC /* Config */ = {
			isa = PBXGroup;
			children = (
				6AB7F8D92A7E98210026E5DC /* AppDelegate.swift */,
				6AB7F8DB2A7E98210026E5DC /* SceneDelegate.swift */,
				6AB7F8E72A7E98210026E5DC /* Info.plist */,
			);
			path = Config;
			sourceTree = "<group>";
		};
		6AB7F8EE2A7E98750026E5DC /* Storyboards */ = {
			isa = PBXGroup;
			children = (
				6AB7F8E42A7E98210026E5DC /* LaunchScreen.storyboard */,
				6AB7F8DF2A7E98210026E5DC /* Main.storyboard */,
			);
			path = Storyboards;
			sourceTree = "<group>";
		};
		6AB7F8EF2A7E98940026E5DC /* Resources */ = {
			isa = PBXGroup;
			children = (
				6AB7F8E22A7E98210026E5DC /* Assets.xcassets */,
			);
			path = Resources;
			sourceTree = "<group>";
		};
		6AB7F8F02A7E98A40026E5DC /* ViewControllers */ = {
			isa = PBXGroup;
			children = (
				6AB7F8DD2A7E98210026E5DC /* ViewController.swift */,
			);
			path = ViewControllers;
			sourceTree = "<group>";
		};
		6AB7F8F12A7E98C30026E5DC /* Services */ = {
			isa = PBXGroup;
			children = (
				6AB7F8F52A7E9B880026E5DC /* DataStore.swift */,
			);
			path = Services;
			sourceTree = "<group>";
		};
		6AB7F8F22A7E992E0026E5DC /* Models */ = {
			isa = PBXGroup;
			children = (
				6AB7F8F32A7E99C10026E5DC /* Animation.swift */,
			);
			path = Models;
			sourceTree = "<group>";
		};
		6AB7F8FA2A7E9E8C0026E5DC /* Frameworks */ = {
			isa = PBXGroup;
			children = (
			);
			name = Frameworks;
			sourceTree = "<group>";
		};
/* End PBXGroup section */

/* Begin PBXNativeTarget section */
		6AB7F8D52A7E98210026E5DC /* Lesson-3.01_Spring Animation */ = {
			isa = PBXNativeTarget;
			buildConfigurationList = 6AB7F8EA2A7E98210026E5DC /* Build configuration list for PBXNativeTarget "Lesson-3.01_Spring Animation" */;
			buildPhases = (
				6AB7F8D22A7E98210026E5DC /* Sources */,
				6AB7F8D32A7E98210026E5DC /* Frameworks */,
				6AB7F8D42A7E98210026E5DC /* Resources */,
			);
			buildRules = (
			);
			dependencies = (
			);
			name = "Lesson-3.01_Spring Animation";
			packageProductDependencies = (
				6AB7F8FB2A7E9E8C0026E5DC /* SpringAnimation */,
			);
			productName = "Lesson-3.01_Spring Animation";
			productReference = 6AB7F8D62A7E98210026E5DC /* Lesson-3.01_Spring Animation.app */;
			productType = "com.apple.product-type.application";
		};
/* End PBXNativeTarget section */

/* Begin PBXProject section */
		6AB7F8CE2A7E98210026E5DC /* Project object */ = {
			isa = PBXProject;
			attributes = {
				BuildIndependentTargetsInParallel = 1;
				LastSwiftUpdateCheck = 1430;
				LastUpgradeCheck = 1430;
				TargetAttributes = {
					6AB7F8D52A7E98210026E5DC = {
						CreatedOnToolsVersion = 14.3.1;
					};
				};
			};
			buildConfigurationList = 6AB7F8D12A7E98210026E5DC /* Build configuration list for PBXProject "Lesson-3.01_Spring Animation" */;
			compatibilityVersion = "Xcode 14.0";
			developmentRegion = en;
			hasScannedForEncodings = 0;
			knownRegions = (
				en,
				Base,
			);
			mainGroup = 6AB7F8CD2A7E98210026E5DC;
			packageReferences = (
				6AB7F8F72A7E9D160026E5DC /* XCRemoteSwiftPackageReference "SpringAnimation" */,
			);
			productRefGroup = 6AB7F8D72A7E98210026E5DC /* Products */;
			projectDirPath = "";
			projectRoot = "";
			targets = (
				6AB7F8D52A7E98210026E5DC /* Lesson-3.01_Spring Animation */,
			);
		};
/* End PBXProject section */

/* Begin PBXResourcesBuildPhase section */
		6AB7F8D42A7E98210026E5DC /* Resources */ = {
			isa = PBXResourcesBuildPhase;
			buildActionMask = 2147483647;
			files = (
				6AB7F8E62A7E98210026E5DC /* LaunchScreen.storyboard in Resources */,
				6AB7F8E32A7E98210026E5DC /* Assets.xcassets in Resources */,
				6AB7F8E12A7E98210026E5DC /* Main.storyboard in Resources */,
			);
			runOnlyForDeploymentPostprocessing = 0;
		};
/* End PBXResourcesBuildPhase section */

/* Begin PBXSourcesBuildPhase section */
		6AB7F8D22A7E98210026E5DC /* Sources */ = {
			isa = PBXSourcesBuildPhase;
			buildActionMask = 2147483647;
			files = (
				6AB7F8DE2A7E98210026E5DC /* ViewController.swift in Sources */,
				6AB7F8DA2A7E98210026E5DC /* AppDelegate.swift in Sources */,
				6AB7F8F42A7E99C10026E5DC /* Animation.swift in Sources */,
				6AB7F8F62A7E9B880026E5DC /* DataStore.swift in Sources */,
				6AB7F8DC2A7E98210026E5DC /* SceneDelegate.swift in Sources */,
			);
			runOnlyForDeploymentPostprocessing = 0;
		};
/* End PBXSourcesBuildPhase section */

/* Begin PBXVariantGroup section */
		6AB7F8DF2A7E98210026E5DC /* Main.storyboard */ = {
			isa = PBXVariantGroup;
			children = (
				6AB7F8E02A7E98210026E5DC /* Base */,
			);
			name = Main.storyboard;
			sourceTree = "<group>";
		};
		6AB7F8E42A7E98210026E5DC /* LaunchScreen.storyboard */ = {
			isa = PBXVariantGroup;
			children = (
				6AB7F8E52A7E98210026E5DC /* Base */,
			);
			name = LaunchScreen.storyboard;
			sourceTree = "<group>";
		};
/* End PBXVariantGroup section */

/* Begin XCBuildConfiguration section */
		6AB7F8E82A7E98210026E5DC /* Debug */ = {
			isa = XCBuildConfiguration;
			buildSettings = {
				ALWAYS_SEARCH_USER_PATHS = NO;
				CLANG_ANALYZER_NONNULL = YES;
				CLANG_ANALYZER_NUMBER_OBJECT_CONVERSION = YES_AGGRESSIVE;
				CLANG_CXX_LANGUAGE_STANDARD = "gnu++20";
				CLANG_ENABLE_MODULES = YES;
				CLANG_ENABLE_OBJC_ARC = YES;
				CLANG_ENABLE_OBJC_WEAK = YES;
				CLANG_WARN_BLOCK_CAPTURE_AUTORELEASING = YES;
				CLANG_WARN_BOOL_CONVERSION = YES;
				CLANG_WARN_COMMA = YES;
				CLANG_WARN_CONSTANT_CONVERSION = YES;
				CLANG_WARN_DEPRECATED_OBJC_IMPLEMENTATIONS = YES;
				CLANG_WARN_DIRECT_OBJC_ISA_USAGE = YES_ERROR;
				CLANG_WARN_DOCUMENTATION_COMMENTS = YES;
				CLANG_WARN_EMPTY_BODY = YES;
				CLANG_WARN_ENUM_CONVERSION = YES;
				CLANG_WARN_INFINITE_RECURSION = YES;
				CLANG_WARN_INT_CONVERSION = YES;
				CLANG_WARN_NON_LITERAL_NULL_CONVERSION = YES;
				CLANG_WARN_OBJC_IMPLICIT_RETAIN_SELF = YES;
				CLANG_WARN_OBJC_LITERAL_CONVERSION = YES;
				CLANG_WARN_OBJC_ROOT_CLASS = YES_ERROR;
				CLANG_WARN_QUOTED_INCLUDE_IN_FRAMEWORK_HEADER = YES;
				CLANG_WARN_RANGE_LOOP_ANALYSIS = YES;
				CLANG_WARN_STRICT_PROTOTYPES = YES;
				CLANG_WARN_SUSPICIOUS_MOVE = YES;
				CLANG_WARN_UNGUARDED_AVAILABILITY = YES_AGGRESSIVE;
				CLANG_WARN_UNREACHABLE_CODE = YES;
				CLANG_WARN__DUPLICATE_METHOD_MATCH = YES;
				COPY_PHASE_STRIP = NO;
				DEBUG_INFORMATION_FORMAT = dwarf;
				ENABLE_STRICT_OBJC_MSGSEND = YES;
				ENABLE_TESTABILITY = YES;
				GCC_C_LANGUAGE_STANDARD = gnu11;
				GCC_DYNAMIC_NO_PIC = NO;
				GCC_NO_COMMON_BLOCKS = YES;
				GCC_OPTIMIZATION_LEVEL = 0;
				GCC_PREPROCESSOR_DEFINITIONS = (
					"DEBUG=1",
					"$(inherited)",
				);
				GCC_WARN_64_TO_32_BIT_CONVERSION = YES;
				GCC_WARN_ABOUT_RETURN_TYPE = YES_ERROR;
				GCC_WARN_UNDECLARED_SELECTOR = YES;
				GCC_WARN_UNINITIALIZED_AUTOS = YES_AGGRESSIVE;
				GCC_WARN_UNUSED_FUNCTION = YES;
				GCC_WARN_UNUSED_VARIABLE = YES;
				IPHONEOS_DEPLOYMENT_TARGET = 16.4;
				MTL_ENABLE_DEBUG_INFO = INCLUDE_SOURCE;
				MTL_FAST_MATH = YES;
				ONLY_ACTIVE_ARCH = YES;
				SDKROOT = iphoneos;
				SWIFT_ACTIVE_COMPILATION_CONDITIONS = DEBUG;
				SWIFT_OPTIMIZATION_LEVEL = "-Onone";
			};
			name = Debug;
		};
		6AB7F8E92A7E98210026E5DC /* Release */ = {
			isa = XCBuildConfiguration;
			buildSettings = {
				ALWAYS_SEARCH_USER_PATHS = NO;
				CLANG_ANALYZER_NONNULL = YES;
				CLANG_ANALYZER_NUMBER_OBJECT_CONVERSION = YES_AGGRESSIVE;
				CLANG_CXX_LANGUAGE_STANDARD = "gnu++20";
				CLANG_ENABLE_MODULES = YES;
				CLANG_ENABLE_OBJC_ARC = YES;
				CLANG_ENABLE_OBJC_WEAK = YES;
				CLANG_WARN_BLOCK_CAPTURE_AUTORELEASING = YES;
				CLANG_WARN_BOOL_CONVERSION = YES;
				CLANG_WARN_COMMA = YES;
				CLANG_WARN_CONSTANT_CONVERSION = YES;
				CLANG_WARN_DEPRECATED_OBJC_IMPLEMENTATIONS = YES;
				CLANG_WARN_DIRECT_OBJC_ISA_USAGE = YES_ERROR;
				CLANG_WARN_DOCUMENTATION_COMMENTS = YES;
				CLANG_WARN_EMPTY_BODY = YES;
				CLANG_WARN_ENUM_CONVERSION = YES;
				CLANG_WARN_INFINITE_RECURSION = YES;
				CLANG_WARN_INT_CONVERSION = YES;
				CLANG_WARN_NON_LITERAL_NULL_CONVERSION = YES;
				CLANG_WARN_OBJC_IMPLICIT_RETAIN_SELF = YES;
				CLANG_WARN_OBJC_LITERAL_CONVERSION = YES;
				CLANG_WARN_OBJC_ROOT_CLASS = YES_ERROR;
				CLANG_WARN_QUOTED_INCLUDE_IN_FRAMEWORK_HEADER = YES;
				CLANG_WARN_RANGE_LOOP_ANALYSIS = YES;
				CLANG_WARN_STRICT_PROTOTYPES = YES;
				CLANG_WARN_SUSPICIOUS_MOVE = YES;
				CLANG_WARN_UNGUARDED_AVAILABILITY = YES_AGGRESSIVE;
				CLANG_WARN_UNREACHABLE_CODE = YES;
				CLANG_WARN__DUPLICATE_METHOD_MATCH = YES;
				COPY_PHASE_STRIP = NO;
				DEBUG_INFORMATION_FORMAT = "dwarf-with-dsym";
				ENABLE_NS_ASSERTIONS = NO;
				ENABLE_STRICT_OBJC_MSGSEND = YES;
				GCC_C_LANGUAGE_STANDARD = gnu11;
				GCC_NO_COMMON_BLOCKS = YES;
				GCC_WARN_64_TO_32_BIT_CONVERSION = YES;
				GCC_WARN_ABOUT_RETURN_TYPE = YES_ERROR;
				GCC_WARN_UNDECLARED_SELECTOR = YES;
				GCC_WARN_UNINITIALIZED_AUTOS = YES_AGGRESSIVE;
				GCC_WARN_UNUSED_FUNCTION = YES;
				GCC_WARN_UNUSED_VARIABLE = YES;
				IPHONEOS_DEPLOYMENT_TARGET = 16.4;
				MTL_ENABLE_DEBUG_INFO = NO;
				MTL_FAST_MATH = YES;
				SDKROOT = iphoneos;
				SWIFT_COMPILATION_MODE = wholemodule;
				SWIFT_OPTIMIZATION_LEVEL = "-O";
				VALIDATE_PRODUCT = YES;
			};
			name = Release;
		};
		6AB7F8EB2A7E98210026E5DC /* Debug */ = {
			isa = XCBuildConfiguration;
			buildSettings = {
				ASSETCATALOG_COMPILER_APPICON_NAME = AppIcon;
				ASSETCATALOG_COMPILER_GLOBAL_ACCENT_COLOR_NAME = AccentColor;
				CODE_SIGN_STYLE = Automatic;
				CURRENT_PROJECT_VERSION = 1;
				DEVELOPMENT_TEAM = J5RS3T7663;
				GENERATE_INFOPLIST_FILE = YES;
				INFOPLIST_FILE = "Lesson-3.01_Spring Animation/Config/Info.plist";
				INFOPLIST_KEY_UIApplicationSupportsIndirectInputEvents = YES;
				INFOPLIST_KEY_UILaunchStoryboardName = LaunchScreen;
				INFOPLIST_KEY_UIMainStoryboardFile = Main;
				INFOPLIST_KEY_UISupportedInterfaceOrientations_iPad = "UIInterfaceOrientationPortrait UIInterfaceOrientationPortraitUpsideDown UIInterfaceOrientationLandscapeLeft UIInterfaceOrientationLandscapeRight";
				INFOPLIST_KEY_UISupportedInterfaceOrientations_iPhone = "UIInterfaceOrientationPortrait UIInterfaceOrientationLandscapeLeft UIInterfaceOrientationLandscapeRight";
				LD_RUNPATH_SEARCH_PATHS = (
					"$(inherited)",
					"@executable_path/Frameworks",
				);
				MARKETING_VERSION = 1.0;
				PRODUCT_BUNDLE_IDENTIFIER = "me.iurii.kurinnoi.Lesson-3-01-Spring-Animation";
				PRODUCT_NAME = "$(TARGET_NAME)";
				SUPPORTED_PLATFORMS = "iphoneos iphonesimulator";
				SUPPORTS_MACCATALYST = NO;
				SUPPORTS_MAC_DESIGNED_FOR_IPHONE_IPAD = NO;
				SWIFT_EMIT_LOC_STRINGS = YES;
				SWIFT_VERSION = 5.0;
				TARGETED_DEVICE_FAMILY = 1;
			};
			name = Debug;
		};
		6AB7F8EC2A7E98210026E5DC /* Release */ = {
			isa = XCBuildConfiguration;
			buildSettings = {
				ASSETCATALOG_COMPILER_APPICON_NAME = AppIcon;
				ASSETCATALOG_COMPILER_GLOBAL_ACCENT_COLOR_NAME = AccentColor;
				CODE_SIGN_STYLE = Automatic;
				CURRENT_PROJECT_VERSION = 1;
				DEVELOPMENT_TEAM = J5RS3T7663;
				GENERATE_INFOPLIST_FILE = YES;
				INFOPLIST_FILE = "Lesson-3.01_Spring Animation/Config/Info.plist";
				INFOPLIST_KEY_UIApplicationSupportsIndirectInputEvents = YES;
				INFOPLIST_KEY_UILaunchStoryboardName = LaunchScreen;
				INFOPLIST_KEY_UIMainStoryboardFile = Main;
				INFOPLIST_KEY_UISupportedInterfaceOrientations_iPad = "UIInterfaceOrientationPortrait UIInterfaceOrientationPortraitUpsideDown UIInterfaceOrientationLandscapeLeft UIInterfaceOrientationLandscapeRight";
				INFOPLIST_KEY_UISupportedInterfaceOrientations_iPhone = "UIInterfaceOrientationPortrait UIInterfaceOrientationLandscapeLeft UIInterfaceOrientationLandscapeRight";
				LD_RUNPATH_SEARCH_PATHS = (
					"$(inherited)",
					"@executable_path/Frameworks",
				);
				MARKETING_VERSION = 1.0;
				PRODUCT_BUNDLE_IDENTIFIER = "me.iurii.kurinnoi.Lesson-3-01-Spring-Animation";
				PRODUCT_NAME = "$(TARGET_NAME)";
				SUPPORTED_PLATFORMS = "iphoneos iphonesimulator";
				SUPPORTS_MACCATALYST = NO;
				SUPPORTS_MAC_DESIGNED_FOR_IPHONE_IPAD = NO;
				SWIFT_EMIT_LOC_STRINGS = YES;
				SWIFT_VERSION = 5.0;
				TARGETED_DEVICE_FAMILY = 1;
			};
			name = Release;
		};
/* End XCBuildConfiguration section */

/* Begin XCConfigurationList section */
		6AB7F8D12A7E98210026E5DC /* Build configuration list for PBXProject "Lesson-3.01_Spring Animation" */ = {
			isa = XCConfigurationList;
			buildConfigurations = (
				6AB7F8E82A7E98210026E5DC /* Debug */,
				6AB7F8E92A7E98210026E5DC /* Release */,
			);
			defaultConfigurationIsVisible = 0;
			defaultConfigurationName = Release;
		};
		6AB7F8EA2A7E98210026E5DC /* Build configuration list for PBXNativeTarget "Lesson-3.01_Spring Animation" */ = {
			isa = XCConfigurationList;
			buildConfigurations = (
				6AB7F8EB2A7E98210026E5DC /* Debug */,
				6AB7F8EC2A7E98210026E5DC /* Release */,
			);
			defaultConfigurationIsVisible = 0;
			defaultConfigurationName = Release;
		};
/* End XCConfigurationList section */

/* Begin XCRemoteSwiftPackageReference section */
		6AB7F8F72A7E9D160026E5DC /* XCRemoteSwiftPackageReference "SpringAnimation" */ = {
			isa = XCRemoteSwiftPackageReference;
			repositoryURL = "https://github.com/LexDeBash/SpringAnimation.git";
			requirement = {
				kind = upToNextMajorVersion;
				minimumVersion = 0.3.0;
			};
		};
/* End XCRemoteSwiftPackageReference section */

/* Begin XCSwiftPackageProductDependency section */
		6AB7F8FB2A7E9E8C0026E5DC /* SpringAnimation */ = {
			isa = XCSwiftPackageProductDependency;
			package = 6AB7F8F72A7E9D160026E5DC /* XCRemoteSwiftPackageReference "SpringAnimation" */;
			productName = SpringAnimation;
		};
/* End XCSwiftPackageProductDependency section */
	};
	rootObject = 6AB7F8CE2A7E98210026E5DC /* Project object */;
}
